
Microsoft Visual Studio Solution File, Format Version 12.00
# Visual Studio Version 16
VisualStudioVersion = 16.0.31321.278
MinimumVisualStudioVersion = 10.0.40219.1
Project("{9A19103F-16F7-4668-BE54-9A1E7A4F7556}") = "API", "API\API.csproj", "{1BC8599D-1F78-4C84-84D2-EF500C4101F5}"
EndProject
Project("{9A19103F-16F7-4668-BE54-9A1E7A4F7556}") = "BLL", "BLL\BLL.csproj", "{E46E12D5-B2C6-4A68-82EA-868D3E6A7894}"
EndProject
Project("{9A19103F-16F7-4668-BE54-9A1E7A4F7556}") = "DataBase", "DataBase\DataBase.csproj", "{217C46EF-E0E1-4FCA-BEC2-32D86066E14C}"
EndProject
Project("{FAE04EC0-301F-11D3-BF4B-00C04F79EFBC}") = "TestUnit", "TestUnit\TestUnit.csproj", "{D2E310D4-6B61-4ADD-B5C7-7A730C70E015}"
EndProject
Global
	GlobalSection(SolutionConfigurationPlatforms) = preSolution
		Debug|Any CPU = Debug|Any CPU
		Release|Any CPU = Release|Any CPU
	EndGlobalSection
	GlobalSection(ProjectConfigurationPlatforms) = postSolution
		{1BC8599D-1F78-4C84-84D2-EF500C4101F5}.Debug|Any CPU.ActiveCfg = Debug|Any CPU
		{1BC8599D-1F78-4C84-84D2-EF500C4101F5}.Debug|Any CPU.Build.0 = Debug|Any CPU
		{1BC8599D-1F78-4C84-84D2-EF500C4101F5}.Release|Any CPU.ActiveCfg = Release|Any CPU
		{1BC8599D-1F78-4C84-84D2-EF500C4101F5}.Release|Any CPU.Build.0 = Release|Any CPU
		{E46E12D5-B2C6-4A68-82EA-868D3E6A7894}.Debug|Any CPU.ActiveCfg = Debug|Any CPU
		{E46E12D5-B2C6-4A68-82EA-868D3E6A7894}.Debug|Any CPU.Build.0 = Debug|Any CPU
		{E46E12D5-B2C6-4A68-82EA-868D3E6A7894}.Release|Any CPU.ActiveCfg = Release|Any CPU
		{E46E12D5-B2C6-4A68-82EA-868D3E6A7894}.Release|Any CPU.Build.0 = Release|Any CPU
		{217C46EF-E0E1-4FCA-BEC2-32D86066E14C}.Debug|Any CPU.ActiveCfg = Debug|Any CPU
		{217C46EF-E0E1-4FCA-BEC2-32D86066E14C}.Debug|Any CPU.Build.0 = Debug|Any CPU
		{217C46EF-E0E1-4FCA-BEC2-32D86066E14C}.Release|Any CPU.ActiveCfg = Release|Any CPU
		{217C46EF-E0E1-4FCA-BEC2-32D86066E14C}.Release|Any CPU.Build.0 = Release|Any CPU
		{D2E310D4-6B61-4ADD-B5C7-7A730C70E015}.Debug|Any CPU.ActiveCfg = Debug|Any CPU
		{D2E310D4-6B61-4ADD-B5C7-7A730C70E015}.Debug|Any CPU.Build.0 = Debug|Any CPU
		{D2E310D4-6B61-4ADD-B5C7-7A730C70E015}.Release|Any CPU.ActiveCfg = Release|Any CPU
		{D2E310D4-6B61-4ADD-B5C7-7A730C70E015}.Release|Any CPU.Build.0 = Release|Any CPU
	EndGlobalSection
	GlobalSection(SolutionProperties) = preSolution
		HideSolutionNode = FALSE
	EndGlobalSection
	GlobalSection(ExtensibilityGlobals) = postSolution
		SolutionGuid = {3966BBA1-5B95-4A7E-9FBE-C402433909FA}
	EndGlobalSection
EndGlobal
